
Microsoft Visual Studio Solution File, Format Version 12.00
# Visual Studio Version 17
VisualStudioVersion = 17.14.36518.9 d17.14
MinimumVisualStudioVersion = 10.0.40219.1
Project("{FAE04EC0-301F-11D3-BF4B-00C04F79EFBC}") = "CardScanPhisingV1", "CardScanPhisingV1\CardScanPhisingV1.csproj", "{2857E4CF-F273-481C-838E-D4532EC52E65}"
EndProject
Global
	GlobalSection(SolutionConfigurationPlatforms) = preSolution
		Debug|Any CPU = Debug|Any CPU
		Release|Any CPU = Release|Any CPU
	EndGlobalSection
	GlobalSection(ProjectConfigurationPlatforms) = postSolution
		{2857E4CF-F273-481C-838E-D4532EC52E65}.Debug|Any CPU.ActiveCfg = Debug|Any CPU
		{2857E4CF-F273-481C-838E-D4532EC52E65}.Debug|Any CPU.Build.0 = Debug|Any CPU
		{2857E4CF-F273-481C-838E-D4532EC52E65}.Release|Any CPU.ActiveCfg = Release|Any CPU
		{2857E4CF-F273-481C-838E-D4532EC52E65}.Release|Any CPU.Build.0 = Release|Any CPU
	EndGlobalSection
	GlobalSection(SolutionProperties) = preSolution
		HideSolutionNode = FALSE
	EndGlobalSection
	GlobalSection(ExtensibilityGlobals) = postSolution
		SolutionGuid = {6F2417DB-49C9-48BF-A94A-7AC96EBD1C58}
	EndGlobalSection
EndGlobal
